
Microsoft Visual Studio Solution File, Format Version 12.00
# Visual Studio Version 17
VisualStudioVersion = 17.14.36109.1 d17.14
MinimumVisualStudioVersion = 10.0.40219.1
Project("{FAE04EC0-301F-11D3-BF4B-00C04F79EFBC}") = "BartInBBPlus", "BartInBBPlus\BartInBBPlus.csproj", "{104F8F58-9C24-49C9-8A15-1B5C553779C4}"
EndProject
Global
	GlobalSection(SolutionConfigurationPlatforms) = preSolution
		Debug|Any CPU = Debug|Any CPU
		Release|Any CPU = Release|Any CPU
	EndGlobalSection
	GlobalSection(ProjectConfigurationPlatforms) = postSolution
		{104F8F58-9C24-49C9-8A15-1B5C553779C4}.Debug|Any CPU.ActiveCfg = Debug|Any CPU
		{104F8F58-9C24-49C9-8A15-1B5C553779C4}.Debug|Any CPU.Build.0 = Debug|Any CPU
		{104F8F58-9C24-49C9-8A15-1B5C553779C4}.Release|Any CPU.ActiveCfg = Release|Any CPU
		{104F8F58-9C24-49C9-8A15-1B5C553779C4}.Release|Any CPU.Build.0 = Release|Any CPU
	EndGlobalSection
	GlobalSection(SolutionProperties) = preSolution
		HideSolutionNode = FALSE
	EndGlobalSection
	GlobalSection(ExtensibilityGlobals) = postSolution
		SolutionGuid = {70475EFC-48E9-4C70-A157-8B969D50071E}
	EndGlobalSection
EndGlobal
